
Microsoft Visual Studio Solution File, Format Version 12.00
# Visual Studio Version 16
VisualStudioVersion = 16.0.30702.225
MinimumVisualStudioVersion = 10.0.40219.1
Project("{FAE04EC0-301F-11D3-BF4B-00C04F79EFBC}") = "ConsoleApp1", "ConsoleApp1\ConsoleApp1.csproj", "{69FA24C7-BE7A-4C2D-A90F-F4A28D292E86}"
EndProject
Global
	GlobalSection(SolutionConfigurationPlatforms) = preSolution
		Debug|Any CPU = Debug|Any CPU
		Release|Any CPU = Release|Any CPU
	EndGlobalSection
	GlobalSection(ProjectConfigurationPlatforms) = postSolution
		{69FA24C7-BE7A-4C2D-A90F-F4A28D292E86}.Debug|Any CPU.ActiveCfg = Debug|Any CPU
		{69FA24C7-BE7A-4C2D-A90F-F4A28D292E86}.Debug|Any CPU.Build.0 = Debug|Any CPU
		{69FA24C7-BE7A-4C2D-A90F-F4A28D292E86}.Release|Any CPU.ActiveCfg = Release|Any CPU
		{69FA24C7-BE7A-4C2D-A90F-F4A28D292E86}.Release|Any CPU.Build.0 = Release|Any CPU
	EndGlobalSection
	GlobalSection(SolutionProperties) = preSolution
		HideSolutionNode = FALSE
	EndGlobalSection
	GlobalSection(ExtensibilityGlobals) = postSolution
		SolutionGuid = {F88DDAEA-8C1E-4064-A7DE-5EE9EDEB888D}
	EndGlobalSection
EndGlobal
